
Microsoft Visual Studio Solution File, Format Version 12.00
# Visual Studio Version 17
VisualStudioVersion = 17.3.32804.467
MinimumVisualStudioVersion = 10.0.40219.1
Project("{FAE04EC0-301F-11D3-BF4B-00C04F79EFBC}") = "MovieStore.API", "MovieStore.API\MovieStore.API.csproj", "{DFDFED91-1F9E-4452-A76D-30135D4F5A25}"
EndProject
Global
	GlobalSection(SolutionConfigurationPlatforms) = preSolution
		Debug|Any CPU = Debug|Any CPU
		Release|Any CPU = Release|Any CPU
	EndGlobalSection
	GlobalSection(ProjectConfigurationPlatforms) = postSolution
		{DFDFED91-1F9E-4452-A76D-30135D4F5A25}.Debug|Any CPU.ActiveCfg = Debug|Any CPU
		{DFDFED91-1F9E-4452-A76D-30135D4F5A25}.Debug|Any CPU.Build.0 = Debug|Any CPU
		{DFDFED91-1F9E-4452-A76D-30135D4F5A25}.Release|Any CPU.ActiveCfg = Release|Any CPU
		{DFDFED91-1F9E-4452-A76D-30135D4F5A25}.Release|Any CPU.Build.0 = Release|Any CPU
	EndGlobalSection
	GlobalSection(SolutionProperties) = preSolution
		HideSolutionNode = FALSE
	EndGlobalSection
	GlobalSection(ExtensibilityGlobals) = postSolution
		SolutionGuid = {AE0D8FA5-3793-4796-B14E-2BF8F87B0A27}
	EndGlobalSection
EndGlobal
